version: 6
environments:
  default:
    channels:
    - url: https://conda.anaconda.org/conda-forge/
    options:
      pypi-prerelease-mode: if-necessary-or-explicit
    packages:
      linux-64:
      - conda: https://conda.anaconda.org/conda-forge/linux-64/_openmp_mutex-4.5-20_gnu.conda
      - conda: https://conda.anaconda.org/conda-forge/linux-64/binutils_impl_linux-64-2.45.1-default_hfdba357_102.conda
      - conda: https://conda.anaconda.org/conda-forge/linux-64/gcc_impl_linux-64-15.2.0-he420e7e_18.conda
      - conda: https://conda.anaconda.org/conda-forge/noarch/kernel-headers_linux-64-4.18.0-he073ed8_9.conda
      - conda: https://conda.anaconda.org/conda-forge/linux-64/ld_impl_linux-64-2.45.1-default_hbd61a6d_102.conda
      - conda: https://conda.anaconda.org/conda-forge/linux-64/libgcc-15.2.0-he0feb66_18.conda
      - conda: https://conda.anaconda.org/conda-forge/noarch/libgcc-devel_linux-64-15.2.0-hcc6f6b0_118.conda
      - conda: https://conda.anaconda.org/conda-forge/linux-64/libgomp-15.2.0-he0feb66_18.conda
      - conda: https://conda.anaconda.org/conda-forge/linux-64/libsanitizer-15.2.0-h90f66d4_18.conda
      - conda: https://conda.anaconda.org/conda-forge/linux-64/libstdcxx-15.2.0-h934c35e_18.conda
      - conda: https://conda.anaconda.org/conda-forge/noarch/libstdcxx-devel_linux-64-15.2.0-hd446a21_118.conda
      - conda: https://conda.anaconda.org/conda-forge/linux-64/libzlib-1.3.2-h25fd6f3_2.conda
      - conda: https://conda.anaconda.org/conda-forge/linux-64/rust-1.94.0-h53717f1_0.conda
      - conda: https://conda.anaconda.org/conda-forge/noarch/rust-std-x86_64-unknown-linux-gnu-1.94.0-h2c6d0dc_0.conda
      - conda: https://conda.anaconda.org/conda-forge/noarch/sysroot_linux-64-2.28-h4ee821c_9.conda
      - conda: https://conda.anaconda.org/conda-forge/noarch/tzdata-2025c-hc9c84f9_1.conda
      - conda: https://conda.anaconda.org/conda-forge/linux-64/zstd-1.5.7-hb78ec9c_6.conda
      osx-64:
      - conda: https://conda.anaconda.org/conda-forge/osx-64/rust-1.94.0-h5655b98_0.conda
      - conda: https://conda.anaconda.org/conda-forge/noarch/rust-std-x86_64-apple-darwin-1.94.0-h38e4360_0.conda
      osx-arm64:
      - conda: https://conda.anaconda.org/conda-forge/osx-arm64/rust-1.94.0-h4ff7c5d_0.conda
      - conda: https://conda.anaconda.org/conda-forge/noarch/rust-std-aarch64-apple-darwin-1.94.0-hf6ec828_0.conda
  python:
    channels:
    - url: https://conda.anaconda.org/conda-forge/
    options:
      pypi-prerelease-mode: if-necessary-or-explicit
    packages:
      linux-64:
      - conda: https://conda.anaconda.org/conda-forge/linux-64/_openmp_mutex-4.5-20_gnu.conda
      - conda: https://conda.anaconda.org/conda-forge/linux-64/binutils_impl_linux-64-2.45.1-default_hfdba357_102.conda
      - conda: https://conda.anaconda.org/conda-forge/linux-64/bzip2-1.0.8-hda65f42_9.conda
      - conda: https://conda.anaconda.org/conda-forge/noarch/ca-certificates-2026.4.22-hbd8a1cb_0.conda
      - conda: https://conda.anaconda.org/conda-forge/noarch/colorama-0.4.6-pyhd8ed1ab_1.conda
      - conda: https://conda.anaconda.org/conda-forge/noarch/exceptiongroup-1.3.1-pyhd8ed1ab_0.conda
      - conda: https://conda.anaconda.org/conda-forge/linux-64/gcc_impl_linux-64-15.2.0-he420e7e_18.conda
      - conda: https://conda.anaconda.org/conda-forge/linux-64/icu-78.3-h33c6efd_0.conda
      - conda: https://conda.anaconda.org/conda-forge/noarch/iniconfig-2.3.0-pyhd8ed1ab_0.conda
      - conda: https://conda.anaconda.org/conda-forge/noarch/kernel-headers_linux-64-4.18.0-he073ed8_9.conda
      - conda: https://conda.anaconda.org/conda-forge/linux-64/ld_impl_linux-64-2.45.1-default_hbd61a6d_102.conda
      - conda: https://conda.anaconda.org/conda-forge/linux-64/libexpat-2.7.5-hecca717_0.conda
      - conda: https://conda.anaconda.org/conda-forge/linux-64/libffi-3.5.2-h3435931_0.conda
      - conda: https://conda.anaconda.org/conda-forge/linux-64/libgcc-15.2.0-he0feb66_18.conda
      - conda: https://conda.anaconda.org/conda-forge/noarch/libgcc-devel_linux-64-15.2.0-hcc6f6b0_118.conda
      - conda: https://conda.anaconda.org/conda-forge/linux-64/libgomp-15.2.0-he0feb66_18.conda
      - conda: https://conda.anaconda.org/conda-forge/linux-64/liblzma-5.8.3-hb03c661_0.conda
      - conda: https://conda.anaconda.org/conda-forge/linux-64/libmpdec-4.0.0-hb03c661_1.conda
      - conda: https://conda.anaconda.org/conda-forge/linux-64/libsanitizer-15.2.0-h90f66d4_18.conda
      - conda: https://conda.anaconda.org/conda-forge/linux-64/libsqlite-3.53.0-hf4e2dac_0.conda
      - conda: https://conda.anaconda.org/conda-forge/linux-64/libstdcxx-15.2.0-h934c35e_18.conda
      - conda: https://conda.anaconda.org/conda-forge/noarch/libstdcxx-devel_linux-64-15.2.0-hd446a21_118.conda
      - conda: https://conda.anaconda.org/conda-forge/linux-64/libuuid-2.42-h5347b49_0.conda
      - conda: https://conda.anaconda.org/conda-forge/linux-64/libzlib-1.3.2-h25fd6f3_2.conda
      - conda: https://conda.anaconda.org/conda-forge/linux-64/maturin-1.13.1-py310h2b5ca13_0.conda
      - conda: https://conda.anaconda.org/conda-forge/linux-64/ncurses-6.5-h2d0b736_3.conda
      - conda: https://conda.anaconda.org/conda-forge/linux-64/openssl-3.6.2-h35e630c_0.conda
      - conda: https://conda.anaconda.org/conda-forge/noarch/packaging-26.2-pyhc364b38_0.conda
      - conda: https://conda.anaconda.org/conda-forge/noarch/pip-26.0.1-pyh145f28c_0.conda
      - conda: https://conda.anaconda.org/conda-forge/noarch/pluggy-1.6.0-pyhf9edf01_1.conda
      - conda: https://conda.anaconda.org/conda-forge/noarch/pygments-2.20.0-pyhd8ed1ab_0.conda
      - conda: https://conda.anaconda.org/conda-forge/noarch/pytest-9.0.3-pyhc364b38_1.conda
      - conda: https://conda.anaconda.org/conda-forge/linux-64/python-3.14.4-habeac84_100_cp314.conda
      - conda: https://conda.anaconda.org/conda-forge/noarch/python_abi-3.14-8_cp314.conda
      - conda: https://conda.anaconda.org/conda-forge/linux-64/readline-8.3-h853b02a_0.conda
      - conda: https://conda.anaconda.org/conda-forge/linux-64/rust-1.94.0-h53717f1_0.conda
      - conda: https://conda.anaconda.org/conda-forge/noarch/rust-std-x86_64-unknown-linux-gnu-1.94.0-h2c6d0dc_0.conda
      - conda: https://conda.anaconda.org/conda-forge/noarch/sysroot_linux-64-2.28-h4ee821c_9.conda
      - conda: https://conda.anaconda.org/conda-forge/linux-64/tk-8.6.13-noxft_h366c992_103.conda
      - conda: https://conda.anaconda.org/conda-forge/noarch/tomli-2.4.1-pyhcf101f3_0.conda
      - conda: https://conda.anaconda.org/conda-forge/noarch/typing_extensions-4.15.0-pyhcf101f3_0.conda
      - conda: https://conda.anaconda.org/conda-forge/noarch/tzdata-2025c-hc9c84f9_1.conda
      - conda: https://conda.anaconda.org/conda-forge/linux-64/zstd-1.5.7-hb78ec9c_6.conda
      osx-64:
      - conda: https://conda.anaconda.org/conda-forge/osx-64/bzip2-1.0.8-h500dc9f_9.conda
      - conda: https://conda.anaconda.org/conda-forge/noarch/ca-certificates-2026.4.22-hbd8a1cb_0.conda
      - conda: https://conda.anaconda.org/conda-forge/noarch/colorama-0.4.6-pyhd8ed1ab_1.conda
      - conda: https://conda.anaconda.org/conda-forge/noarch/exceptiongroup-1.3.1-pyhd8ed1ab_0.conda
      - conda: https://conda.anaconda.org/conda-forge/osx-64/icu-78.3-h25d91c4_0.conda
      - conda: https://conda.anaconda.org/conda-forge/noarch/iniconfig-2.3.0-pyhd8ed1ab_0.conda
      - conda: https://conda.anaconda.org/conda-forge/osx-64/libexpat-2.7.5-hcc62823_0.conda
      - conda: https://conda.anaconda.org/conda-forge/osx-64/libffi-3.5.2-hd1f9c09_0.conda
      - conda: https://conda.anaconda.org/conda-forge/osx-64/liblzma-5.8.3-hbb4bfdb_0.conda
      - conda: https://conda.anaconda.org/conda-forge/osx-64/libmpdec-4.0.0-hf3981d6_1.conda
      - conda: https://conda.anaconda.org/conda-forge/osx-64/libsqlite-3.53.0-h8f8c405_0.conda
      - conda: https://conda.anaconda.org/conda-forge/osx-64/libzlib-1.3.2-hbb4bfdb_2.conda
      - conda: https://conda.anaconda.org/conda-forge/osx-64/maturin-1.13.1-py310h655e229_0.conda
      - conda: https://conda.anaconda.org/conda-forge/osx-64/ncurses-6.5-h0622a9a_3.conda
      - conda: https://conda.anaconda.org/conda-forge/osx-64/openssl-3.6.2-hc881268_0.conda
      - conda: https://conda.anaconda.org/conda-forge/noarch/packaging-26.2-pyhc364b38_0.conda
      - conda: https://conda.anaconda.org/conda-forge/noarch/pip-26.0.1-pyh145f28c_0.conda
      - conda: https://conda.anaconda.org/conda-forge/noarch/pluggy-1.6.0-pyhf9edf01_1.conda
      - conda: https://conda.anaconda.org/conda-forge/noarch/pygments-2.20.0-pyhd8ed1ab_0.conda
      - conda: https://conda.anaconda.org/conda-forge/noarch/pytest-9.0.3-pyhc364b38_1.conda
      - conda: https://conda.anaconda.org/conda-forge/osx-64/python-3.14.4-h7c6738f_100_cp314.conda
      - conda: https://conda.anaconda.org/conda-forge/noarch/python_abi-3.14-8_cp314.conda
      - conda: https://conda.anaconda.org/conda-forge/osx-64/readline-8.3-h68b038d_0.conda
      - conda: https://conda.anaconda.org/conda-forge/osx-64/rust-1.94.0-h5655b98_0.conda
      - conda: https://conda.anaconda.org/conda-forge/noarch/rust-std-x86_64-apple-darwin-1.94.0-h38e4360_0.conda
      - conda: https://conda.anaconda.org/conda-forge/osx-64/tk-8.6.13-h7142dee_3.conda
      - conda: https://conda.anaconda.org/conda-forge/noarch/tomli-2.4.1-pyhcf101f3_0.conda
      - conda: https://conda.anaconda.org/conda-forge/noarch/typing_extensions-4.15.0-pyhcf101f3_0.conda
      - conda: https://conda.anaconda.org/conda-forge/noarch/tzdata-2025c-hc9c84f9_1.conda
      - conda: https://conda.anaconda.org/conda-forge/osx-64/zstd-1.5.7-h3eecb57_6.conda
      osx-arm64:
      - conda: https://conda.anaconda.org/conda-forge/osx-arm64/bzip2-1.0.8-hd037594_9.conda
      - conda: https://conda.anaconda.org/conda-forge/noarch/ca-certificates-2026.4.22-hbd8a1cb_0.conda
      - conda: https://conda.anaconda.org/conda-forge/noarch/colorama-0.4.6-pyhd8ed1ab_1.conda
      - conda: https://conda.anaconda.org/conda-forge/noarch/exceptiongroup-1.3.1-pyhd8ed1ab_0.conda
      - conda: https://conda.anaconda.org/conda-forge/noarch/iniconfig-2.3.0-pyhd8ed1ab_0.conda
      - conda: https://conda.anaconda.org/conda-forge/osx-arm64/libexpat-2.7.5-hf6b4638_0.conda
      - conda: https://conda.anaconda.org/conda-forge/osx-arm64/libffi-3.5.2-hcf2aa1b_0.conda
      - conda: https://conda.anaconda.org/conda-forge/osx-arm64/liblzma-5.8.3-h8088a28_0.conda
      - conda: https://conda.anaconda.org/conda-forge/osx-arm64/libmpdec-4.0.0-h84a0fba_1.conda
      - conda: https://conda.anaconda.org/conda-forge/osx-arm64/libsqlite-3.53.0-h1b79a29_0.conda
      - conda: https://conda.anaconda.org/conda-forge/osx-arm64/libzlib-1.3.2-h8088a28_2.conda
      - conda: https://conda.anaconda.org/conda-forge/osx-arm64/maturin-1.13.1-py310hc7c2786_0.conda
      - conda: https://conda.anaconda.org/conda-forge/osx-arm64/ncurses-6.5-h5e97a16_3.conda
      - conda: https://conda.anaconda.org/conda-forge/osx-arm64/openssl-3.6.2-hd24854e_0.conda
      - conda: https://conda.anaconda.org/conda-forge/noarch/packaging-26.2-pyhc364b38_0.conda
      - conda: https://conda.anaconda.org/conda-forge/noarch/pip-26.0.1-pyh145f28c_0.conda
      - conda: https://conda.anaconda.org/conda-forge/noarch/pluggy-1.6.0-pyhf9edf01_1.conda
      - conda: https://conda.anaconda.org/conda-forge/noarch/pygments-2.20.0-pyhd8ed1ab_0.conda
      - conda: https://conda.anaconda.org/conda-forge/noarch/pytest-9.0.3-pyhc364b38_1.conda
      - conda: https://conda.anaconda.org/conda-forge/osx-arm64/python-3.14.4-h4c637c5_100_cp314.conda
      - conda: https://conda.anaconda.org/conda-forge/noarch/python_abi-3.14-8_cp314.conda
      - conda: https://conda.anaconda.org/conda-forge/osx-arm64/readline-8.3-h46df422_0.conda
      - conda: https://conda.anaconda.org/conda-forge/osx-arm64/rust-1.94.0-h4ff7c5d_0.conda
      - conda: https://conda.anaconda.org/conda-forge/noarch/rust-std-aarch64-apple-darwin-1.94.0-hf6ec828_0.conda
      - conda: https://conda.anaconda.org/conda-forge/osx-arm64/tk-8.6.13-h010d191_3.conda
      - conda: https://conda.anaconda.org/conda-forge/noarch/tomli-2.4.1-pyhcf101f3_0.conda
      - conda: https://conda.anaconda.org/conda-forge/noarch/typing_extensions-4.15.0-pyhcf101f3_0.conda
      - conda: https://conda.anaconda.org/conda-forge/noarch/tzdata-2025c-hc9c84f9_1.conda
      - conda: https://conda.anaconda.org/conda-forge/osx-arm64/zstd-1.5.7-hbf9d68e_6.conda
packages:
- conda: https://conda.anaconda.org/conda-forge/linux-64/_openmp_mutex-4.5-20_gnu.conda
  build_number: 20
  sha256: 1dd3fffd892081df9726d7eb7e0dea6198962ba775bd88842135a4ddb4deb3c9
  md5: a9f577daf3de00bca7c3c76c0ecbd1de
  depends:
  - __glibc >=2.17,<3.0.a0
  - libgomp >=7.5.0
  constrains:
  - openmp_impl <0.0a0
  license: BSD-3-Clause
  license_family: BSD
  size: 28948
  timestamp: 1770939786096
- conda: https://conda.anaconda.org/conda-forge/linux-64/binutils_impl_linux-64-2.45.1-default_hfdba357_102.conda
  sha256: 0a7d405064f53b9d91d92515f1460f7906ee5e8523f3cd8973430e81219f4917
  md5: 8165352fdce2d2025bf884dc0ee85700
  depends:
  - ld_impl_linux-64 2.45.1 default_hbd61a6d_102
  - sysroot_linux-64
  - zstd >=1.5.7,<1.6.0a0
  license: GPL-3.0-only
  license_family: GPL
  size: 3661455
  timestamp: 1774197460085
- conda: https://conda.anaconda.org/conda-forge/linux-64/bzip2-1.0.8-hda65f42_9.conda
  sha256: 0b75d45f0bba3e95dc693336fa51f40ea28c980131fec438afb7ce6118ed05f6
  md5: d2ffd7602c02f2b316fd921d39876885
  depends:
  - __glibc >=2.17,<3.0.a0
  - libgcc >=14
  license: bzip2-1.0.6
  license_family: BSD
  size: 260182
  timestamp: 1771350215188
- conda: https://conda.anaconda.org/conda-forge/osx-64/bzip2-1.0.8-h500dc9f_9.conda
  sha256: 9f242f13537ef1ce195f93f0cc162965d6cc79da578568d6d8e50f70dd025c42
  md5: 4173ac3b19ec0a4f400b4f782910368b
  depends:
  - __osx >=10.13
  license: bzip2-1.0.6
  license_family: BSD
  size: 133427
  timestamp: 1771350680709
- conda: https://conda.anaconda.org/conda-forge/osx-arm64/bzip2-1.0.8-hd037594_9.conda
  sha256: 540fe54be35fac0c17feefbdc3e29725cce05d7367ffedfaaa1bdda234b019df
  md5: 620b85a3f45526a8bc4d23fd78fc22f0
  depends:
  - __osx >=11.0
  license: bzip2-1.0.6
  license_family: BSD
  size: 124834
  timestamp: 1771350416561
- conda: https://conda.anaconda.org/conda-forge/noarch/ca-certificates-2026.4.22-hbd8a1cb_0.conda
  sha256: c9dbcc8039a52023660d6d1bbf87594a93dd69c6ac5a2a44323af2c92976728d
  md5: e18ad67cf881dcadee8b8d9e2f8e5f73
  depends:
  - __unix
  license: ISC
  size: 131039
  timestamp: 1776865545798
- conda: https://conda.anaconda.org/conda-forge/noarch/colorama-0.4.6-pyhd8ed1ab_1.conda
  sha256: ab29d57dc70786c1269633ba3dff20288b81664d3ff8d21af995742e2bb03287
  md5: 962b9857ee8e7018c22f2776ffa0b2d7
  depends:
  - python >=3.9
  license: BSD-3-Clause
  license_family: BSD
  size: 27011
  timestamp: 1733218222191
- conda: https://conda.anaconda.org/conda-forge/noarch/exceptiongroup-1.3.1-pyhd8ed1ab_0.conda
  sha256: ee6cf346d017d954255bbcbdb424cddea4d14e4ed7e9813e429db1d795d01144
  md5: 8e662bd460bda79b1ea39194e3c4c9ab
  depends:
  - python >=3.10
  - typing_extensions >=4.6.0
  license: MIT and PSF-2.0
  size: 21333
  timestamp: 1763918099466
- conda: https://conda.anaconda.org/conda-forge/linux-64/gcc_impl_linux-64-15.2.0-he420e7e_18.conda
  sha256: a088cfd3ae6fa83815faa8703bc9d21cc915f17bd1b51aac9c16ddf678da21e4
  md5: cf56b6d74f580b91fd527e10d9a2e324
  depends:
  - binutils_impl_linux-64 >=2.45
  - libgcc >=15.2.0
  - libgcc-devel_linux-64 15.2.0 hcc6f6b0_118
  - libgomp >=15.2.0
  - libsanitizer 15.2.0 h90f66d4_18
  - libstdcxx >=15.2.0
  - libstdcxx-devel_linux-64 15.2.0 hd446a21_118
  - sysroot_linux-64
  license: GPL-3.0-only WITH GCC-exception-3.1
  license_family: GPL
  size: 81814135
  timestamp: 1771378369317
- conda: https://conda.anaconda.org/conda-forge/linux-64/icu-78.3-h33c6efd_0.conda
  sha256: fbf86c4a59c2ed05bbffb2ba25c7ed94f6185ec30ecb691615d42342baa1a16a
  md5: c80d8a3b84358cb967fa81e7075fbc8a
  depends:
  - __glibc >=2.17,<3.0.a0
  - libgcc >=14
  - libstdcxx >=14
  license: MIT
  license_family: MIT
  size: 12723451
  timestamp: 1773822285671
- conda: https://conda.anaconda.org/conda-forge/osx-64/icu-78.3-h25d91c4_0.conda
  sha256: 1294117122d55246bb83ad5b589e2a031aacdf2d0b1f99fd338aa4394f881735
  md5: 627eca44e62e2b665eeec57a984a7f00
  depends:
  - __osx >=11.0
  license: MIT
  license_family: MIT
  size: 12273764
  timestamp: 1773822733780
- conda: https://conda.anaconda.org/conda-forge/noarch/iniconfig-2.3.0-pyhd8ed1ab_0.conda
  sha256: e1a9e3b1c8fe62dc3932a616c284b5d8cbe3124bbfbedcf4ce5c828cb166ee19
  md5: 9614359868482abba1bd15ce465e3c42
  depends:
  - python >=3.10
  license: MIT
  license_family: MIT
  size: 13387
  timestamp: 1760831448842
- conda: https://conda.anaconda.org/conda-forge/noarch/kernel-headers_linux-64-4.18.0-he073ed8_9.conda
  sha256: 41557eeadf641de6aeae49486cef30d02a6912d8da98585d687894afd65b356a
  md5: 86d9cba083cd041bfbf242a01a7a1999
  constrains:
  - sysroot_linux-64 ==2.28
  license: LGPL-2.0-or-later AND LGPL-2.0-or-later WITH exceptions AND GPL-2.0-or-later
  license_family: GPL
  size: 1278712
  timestamp: 1765578681495
- conda: https://conda.anaconda.org/conda-forge/linux-64/ld_impl_linux-64-2.45.1-default_hbd61a6d_102.conda
  sha256: 3d584956604909ff5df353767f3a2a2f60e07d070b328d109f30ac40cd62df6c
  md5: 18335a698559cdbcd86150a48bf54ba6
  depends:
  - __glibc >=2.17,<3.0.a0
  - zstd >=1.5.7,<1.6.0a0
  constrains:
  - binutils_impl_linux-64 2.45.1
  license: GPL-3.0-only
  license_family: GPL
  size: 728002
  timestamp: 1774197446916
- conda: https://conda.anaconda.org/conda-forge/linux-64/libexpat-2.7.5-hecca717_0.conda
  sha256: e8c2b57f6aacabdf2f1b0924bd4831ce5071ba080baa4a9e8c0d720588b6794c
  md5: 49f570f3bc4c874a06ea69b7225753af
  depends:
  - __glibc >=2.17,<3.0.a0
  - libgcc >=14
  constrains:
  - expat 2.7.5.*
  license: MIT
  license_family: MIT
  size: 76624
  timestamp: 1774719175983
- conda: https://conda.anaconda.org/conda-forge/osx-64/libexpat-2.7.5-hcc62823_0.conda
  sha256: 341d8a457a8342c396a8ac788da2639cbc8b62568f6ba2a3d322d1ace5aa9e16
  md5: 1d6e71b8c73711e28ffe207acdc4e2f8
  depends:
  - __osx >=11.0
  constrains:
  - expat 2.7.5.*
  license: MIT
  license_family: MIT
  size: 74797
  timestamp: 1774719557730
- conda: https://conda.anaconda.org/conda-forge/osx-arm64/libexpat-2.7.5-hf6b4638_0.conda
  sha256: 06780dec91dd25770c8cf01e158e1062fbf7c576b1406427475ce69a8af75b7e
  md5: a32123f93e168eaa4080d87b0fb5da8a
  depends:
  - __osx >=11.0
  constrains:
  - expat 2.7.5.*
  license: MIT
  license_family: MIT
  size: 68192
  timestamp: 1774719211725
- conda: https://conda.anaconda.org/conda-forge/linux-64/libffi-3.5.2-h3435931_0.conda
  sha256: 31f19b6a88ce40ebc0d5a992c131f57d919f73c0b92cd1617a5bec83f6e961e6
  md5: a360c33a5abe61c07959e449fa1453eb
  depends:
  - __glibc >=2.17,<3.0.a0
  - libgcc >=14
  license: MIT
  license_family: MIT
  size: 58592
  timestamp: 1769456073053
- conda: https://conda.anaconda.org/conda-forge/osx-64/libffi-3.5.2-hd1f9c09_0.conda
  sha256: 951958d1792238006fdc6fce7f71f1b559534743b26cc1333497d46e5903a2d6
  md5: 66a0dc7464927d0853b590b6f53ba3ea
  depends:
  - __osx >=10.13
  license: MIT
  license_family: MIT
  size: 53583
  timestamp: 1769456300951
- conda: https://conda.anaconda.org/conda-forge/osx-arm64/libffi-3.5.2-hcf2aa1b_0.conda
  sha256: 6686a26466a527585e6a75cc2a242bf4a3d97d6d6c86424a441677917f28bec7
  md5: 43c04d9cb46ef176bb2a4c77e324d599
  depends:
  - __osx >=11.0
  license: MIT
  license_family: MIT
  size: 40979
  timestamp: 1769456747661
- conda: https://conda.anaconda.org/conda-forge/linux-64/libgcc-15.2.0-he0feb66_18.conda
  sha256: faf7d2017b4d718951e3a59d081eb09759152f93038479b768e3d612688f83f5
  md5: 0aa00f03f9e39fb9876085dee11a85d4
  depends:
  - __glibc >=2.17,<3.0.a0
  - _openmp_mutex >=4.5
  constrains:
  - libgcc-ng ==15.2.0=*_18
  - libgomp 15.2.0 he0feb66_18
  license: GPL-3.0-only WITH GCC-exception-3.1
  license_family: GPL
  size: 1041788
  timestamp: 1771378212382
- conda: https://conda.anaconda.org/conda-forge/noarch/libgcc-devel_linux-64-15.2.0-hcc6f6b0_118.conda
  sha256: af69fc5852908d26e5b630b270982ac792506551dd6af1614bf0370dd5ab5746
  md5: 5d3a96d55f1be45fef88ee23155effd9
  depends:
  - __unix
  license: GPL-3.0-only WITH GCC-exception-3.1
  license_family: GPL
  size: 3085932
  timestamp: 1771378098166
- conda: https://conda.anaconda.org/conda-forge/linux-64/libgomp-15.2.0-he0feb66_18.conda
  sha256: 21337ab58e5e0649d869ab168d4e609b033509de22521de1bfed0c031bfc5110
  md5: 239c5e9546c38a1e884d69effcf4c882
  depends:
  - __glibc >=2.17,<3.0.a0
  license: GPL-3.0-only WITH GCC-exception-3.1
  license_family: GPL
  size: 603262
  timestamp: 1771378117851
- conda: https://conda.anaconda.org/conda-forge/linux-64/liblzma-5.8.3-hb03c661_0.conda
  sha256: ec30e52a3c1bf7d0425380a189d209a52baa03f22fb66dd3eb587acaa765bd6d
  md5: b88d90cad08e6bc8ad540cb310a761fb
  depends:
  - __glibc >=2.17,<3.0.a0
  - libgcc >=14
  constrains:
  - xz 5.8.3.*
  license: 0BSD
  size: 113478
  timestamp: 1775825492909
- conda: https://conda.anaconda.org/conda-forge/osx-64/liblzma-5.8.3-hbb4bfdb_0.conda
  sha256: d9e2006051529aec5578c6efeb13bb6a7200a014b2d5a77a579e83a8049d5f3c
  md5: becdfbfe7049fa248e52aa37a9df09e2
  depends:
  - __osx >=11.0
  constrains:
  - xz 5.8.3.*
  license: 0BSD
  size: 105724
  timestamp: 1775826029494
- conda: https://conda.anaconda.org/conda-forge/osx-arm64/liblzma-5.8.3-h8088a28_0.conda
  sha256: 34878d87275c298f1a732c6806349125cebbf340d24c6c23727268184bba051e
  md5: b1fd823b5ae54fbec272cea0811bd8a9
  depends:
  - __osx >=11.0
  constrains:
  - xz 5.8.3.*
  license: 0BSD
  size: 92472
  timestamp: 1775825802659
- conda: https://conda.anaconda.org/conda-forge/linux-64/libmpdec-4.0.0-hb03c661_1.conda
  sha256: fe171ed5cf5959993d43ff72de7596e8ac2853e9021dec0344e583734f1e0843
  md5: 2c21e66f50753a083cbe6b80f38268fa
  depends:
  - __glibc >=2.17,<3.0.a0
  - libgcc >=14
  license: BSD-2-Clause
  license_family: BSD
  size: 92400
  timestamp: 1769482286018
- conda: https://conda.anaconda.org/conda-forge/osx-64/libmpdec-4.0.0-hf3981d6_1.conda
  sha256: 1096c740109386607938ab9f09a7e9bca06d86770a284777586d6c378b8fb3fd
  md5: ec88ba8a245855935b871a7324373105
  depends:
  - __osx >=10.13
  license: BSD-2-Clause
  license_family: BSD
  size: 79899
  timestamp: 1769482558610
- conda: https://conda.anaconda.org/conda-forge/osx-arm64/libmpdec-4.0.0-h84a0fba_1.conda
  sha256: 1089c7f15d5b62c622625ec6700732ece83be8b705da8c6607f4dabb0c4bd6d2
  md5: 57c4be259f5e0b99a5983799a228ae55
  depends:
  - __osx >=11.0
  license: BSD-2-Clause
  license_family: BSD
  size: 73690
  timestamp: 1769482560514
- conda: https://conda.anaconda.org/conda-forge/linux-64/libsanitizer-15.2.0-h90f66d4_18.conda
  sha256: 0329e23d54a567c259adc962a62172eaa55e6ca33c105ef67b4f3cdb4ef70eaa
  md5: ff754fbe790d4e70cf38aea3668c3cb3
  depends:
  - __glibc >=2.17,<3.0.a0
  - libgcc >=15.2.0
  - libstdcxx >=15.2.0
  license: GPL-3.0-only WITH GCC-exception-3.1
  license_family: GPL
  size: 8095113
  timestamp: 1771378289674
- conda: https://conda.anaconda.org/conda-forge/linux-64/libsqlite-3.53.0-hf4e2dac_0.conda
  sha256: ec37c79f737933bbac965f5dc0f08ef2790247129a84bb3114fad4900adce401
  md5: 810d83373448da85c3f673fbcb7ad3a3
  depends:
  - __glibc >=2.17,<3.0.a0
  - icu >=78.3,<79.0a0
  - libgcc >=14
  - libzlib >=1.3.2,<2.0a0
  license: blessing
  size: 958864
  timestamp: 1775753750179
- conda: https://conda.anaconda.org/conda-forge/osx-64/libsqlite-3.53.0-h8f8c405_0.conda
  sha256: ae9d83cab8988a7d4ccec411fef23c141b5b3d301db3e926ab7cd4befe3764e6
  md5: f2bb6692dfb33a1bbce746aa812a9a5b
  depends:
  - __osx >=11.0
  - icu >=78.3,<79.0a0
  - libzlib >=1.3.2,<2.0a0
  license: blessing
  size: 1007272
  timestamp: 1775754456682
- conda: https://conda.anaconda.org/conda-forge/osx-arm64/libsqlite-3.53.0-h1b79a29_0.conda
  sha256: 1a9d1e3e18dbb0b87cff3b40c3e42703730d7ac7ee9b9322c2682196a81ba0c3
  md5: 8423c008105df35485e184066cad4566
  depends:
  - __osx >=11.0
  - libzlib >=1.3.2,<2.0a0
  license: blessing
  size: 920039
  timestamp: 1775754485962
- conda: https://conda.anaconda.org/conda-forge/linux-64/libstdcxx-15.2.0-h934c35e_18.conda
  sha256: 78668020064fdaa27e9ab65cd2997e2c837b564ab26ce3bf0e58a2ce1a525c6e
  md5: 1b08cd684f34175e4514474793d44bcb
  depends:
  - __glibc >=2.17,<3.0.a0
  - libgcc 15.2.0 he0feb66_18
  constrains:
  - libstdcxx-ng ==15.2.0=*_18
  license: GPL-3.0-only WITH GCC-exception-3.1
  license_family: GPL
  size: 5852330
  timestamp: 1771378262446
- conda: https://conda.anaconda.org/conda-forge/noarch/libstdcxx-devel_linux-64-15.2.0-hd446a21_118.conda
  sha256: 138ee40ba770abf4556ee9981879da9e33299f406a450831b48c1c397d7d0833
  md5: a50630d1810916fc252b2152f1dc9d6d
  depends:
  - __unix
  license: GPL-3.0-only WITH GCC-exception-3.1
  license_family: GPL
  size: 20669511
  timestamp: 1771378139786
- conda: https://conda.anaconda.org/conda-forge/linux-64/libuuid-2.42-h5347b49_0.conda
  sha256: bc1b08c92626c91500fd9f26f2c797f3eb153b627d53e9c13cd167f1e12b2829
  md5: 38ffe67b78c9d4de527be8315e5ada2c
  depends:
  - __glibc >=2.17,<3.0.a0
  - libgcc >=14
  license: BSD-3-Clause
  license_family: BSD
  size: 40297
  timestamp: 1775052476770
- conda: https://conda.anaconda.org/conda-forge/linux-64/libzlib-1.3.2-h25fd6f3_2.conda
  sha256: 55044c403570f0dc26e6364de4dc5368e5f3fc7ff103e867c487e2b5ab2bcda9
  md5: d87ff7921124eccd67248aa483c23fec
  depends:
  - __glibc >=2.17,<3.0.a0
  constrains:
  - zlib 1.3.2 *_2
  license: Zlib
  license_family: Other
  size: 63629
  timestamp: 1774072609062
- conda: https://conda.anaconda.org/conda-forge/osx-64/libzlib-1.3.2-hbb4bfdb_2.conda
  sha256: 4c6da089952b2d70150c74234679d6f7ac04f4a98f9432dec724968f912691e7
  md5: 30439ff30578e504ee5e0b390afc8c65
  depends:
  - __osx >=11.0
  constrains:
  - zlib 1.3.2 *_2
  license: Zlib
  license_family: Other
  size: 59000
  timestamp: 1774073052242
- conda: https://conda.anaconda.org/conda-forge/osx-arm64/libzlib-1.3.2-h8088a28_2.conda
  sha256: 361415a698514b19a852f5d1123c5da746d4642139904156ddfca7c922d23a05
  md5: bc5a5721b6439f2f62a84f2548136082
  depends:
  - __osx >=11.0
  constrains:
  - zlib 1.3.2 *_2
  license: Zlib
  license_family: Other
  size: 47759
  timestamp: 1774072956767
- conda: https://conda.anaconda.org/conda-forge/linux-64/maturin-1.13.1-py310h2b5ca13_0.conda
  noarch: python
  sha256: ff51099c31fcb1c4a42b2544243f9289e759b4e3f578a1f64652f26626c2f938
  md5: e1d2e0dd76c196b48e34b61ef5b65e9b
  depends:
  - python
  - tomli >=1.1.0
  - __glibc >=2.17,<3.0.a0
  - libgcc >=14
  - openssl >=3.5.6,<4.0a0
  constrains:
  - __glibc >=2.17
  license: MIT
  license_family: MIT
  size: 8938226
  timestamp: 1775757052305
- conda: https://conda.anaconda.org/conda-forge/osx-64/maturin-1.13.1-py310h655e229_0.conda
  noarch: python
  sha256: 4eb0fae84d086d94d45baf2168c9242b4943fa2c121c6a8d3c0b354619e70b27
  md5: 0fe3a16db8d427affaa4a3444fe49a53
  depends:
  - python
  - tomli >=1.1.0
  - __osx >=11.0
  - openssl >=3.5.6,<4.0a0
  constrains:
  - __osx >=10.13
  license: MIT
  license_family: MIT
  size: 8535580
  timestamp: 1775757198049
- conda: https://conda.anaconda.org/conda-forge/osx-arm64/maturin-1.13.1-py310hc7c2786_0.conda
  noarch: python
  sha256: 223df8782bfe0d59924c1430e6715eda38a361f37b434f737443b9b9e9b9c746
  md5: 71eb5c18a03cf3a262c0a695920cfeed
  depends:
  - python
  - tomli >=1.1.0
  - __osx >=11.0
  - openssl >=3.5.6,<4.0a0
  constrains:
  - __osx >=11.0
  license: MIT
  license_family: MIT
  size: 8062956
  timestamp: 1775757236606
- conda: https://conda.anaconda.org/conda-forge/linux-64/ncurses-6.5-h2d0b736_3.conda
  sha256: 3fde293232fa3fca98635e1167de6b7c7fda83caf24b9d6c91ec9eefb4f4d586
  md5: 47e340acb35de30501a76c7c799c41d7
  depends:
  - __glibc >=2.17,<3.0.a0
  - libgcc >=13
  license: X11 AND BSD-3-Clause
  size: 891641
  timestamp: 1738195959188
- conda: https://conda.anaconda.org/conda-forge/osx-64/ncurses-6.5-h0622a9a_3.conda
  sha256: ea4a5d27ded18443749aefa49dc79f6356da8506d508b5296f60b8d51e0c4bd9
  md5: ced34dd9929f491ca6dab6a2927aff25
  depends:
  - __osx >=10.13
  license: X11 AND BSD-3-Clause
  size: 822259
  timestamp: 1738196181298
- conda: https://conda.anaconda.org/conda-forge/osx-arm64/ncurses-6.5-h5e97a16_3.conda
  sha256: 2827ada40e8d9ca69a153a45f7fd14f32b2ead7045d3bbb5d10964898fe65733
  md5: 068d497125e4bf8a66bf707254fff5ae
  depends:
  - __osx >=11.0
  license: X11 AND BSD-3-Clause
  size: 797030
  timestamp: 1738196177597
- conda: https://conda.anaconda.org/conda-forge/linux-64/openssl-3.6.2-h35e630c_0.conda
  sha256: c0ef482280e38c71a08ad6d71448194b719630345b0c9c60744a2010e8a8e0cb
  md5: da1b85b6a87e141f5140bb9924cecab0
  depends:
  - __glibc >=2.17,<3.0.a0
  - ca-certificates
  - libgcc >=14
  license: Apache-2.0
  license_family: Apache
  size: 3167099
  timestamp: 1775587756857
- conda: https://conda.anaconda.org/conda-forge/osx-64/openssl-3.6.2-hc881268_0.conda
  sha256: 334fd49ea31b99114f5afb1ec44555dc8c90640648302a4f8f838ee345d1ec50
  md5: 5cf0ece4375c73d7a5765e83565a69c7
  depends:
  - __osx >=11.0
  - ca-certificates
  license: Apache-2.0
  license_family: Apache
  size: 2776564
  timestamp: 1775589970694
- conda: https://conda.anaconda.org/conda-forge/osx-arm64/openssl-3.6.2-hd24854e_0.conda
  sha256: c91bf510c130a1ea1b6ff023e28bac0ccaef869446acd805e2016f69ebdc49ea
  md5: 25dcccd4f80f1638428613e0d7c9b4e1
  depends:
  - __osx >=11.0
  - ca-certificates
  license: Apache-2.0
  license_family: Apache
  size: 3106008
  timestamp: 1775587972483
- conda: https://conda.anaconda.org/conda-forge/noarch/packaging-26.2-pyhc364b38_0.conda
  sha256: 3906abfb6511a3bb309e39b9b1b7bc38f50a723971de2395489fd1f379255890
  md5: 4c06a92e74452cfa53623a81592e8934
  depends:
  - python >=3.8
  - python
  license: Apache-2.0
  size: 91574
  timestamp: 1777103621679
- conda: https://conda.anaconda.org/conda-forge/noarch/pip-26.0.1-pyh145f28c_0.conda
  sha256: 5f66ea31d62188c266c5a8752119b0cc90a5bf05963f665cf48a33e0ec58d39c
  md5: 09a970fbf75e8ed1aa633827ded6aa4f
  depends:
  - python >=3.13.0a0
  license: MIT
  license_family: MIT
  size: 1180743
  timestamp: 1770270312477
- conda: https://conda.anaconda.org/conda-forge/noarch/pluggy-1.6.0-pyhf9edf01_1.conda
  sha256: e14aafa63efa0528ca99ba568eaf506eb55a0371d12e6250aaaa61718d2eb62e
  md5: d7585b6550ad04c8c5e21097ada2888e
  depends:
  - python >=3.9
  - python
  license: MIT
  license_family: MIT
  size: 25877
  timestamp: 1764896838868
- conda: https://conda.anaconda.org/conda-forge/noarch/pygments-2.20.0-pyhd8ed1ab_0.conda
  sha256: cf70b2f5ad9ae472b71235e5c8a736c9316df3705746de419b59d442e8348e86
  md5: 16c18772b340887160c79a6acc022db0
  depends:
  - python >=3.10
  license: BSD-2-Clause
  license_family: BSD
  size: 893031
  timestamp: 1774796815820
- conda: https://conda.anaconda.org/conda-forge/noarch/pytest-9.0.3-pyhc364b38_1.conda
  sha256: 960f59442173eee0731906a9077bd5ccf60f4b4226f05a22d1728ab9a21a879c
  md5: 6a991452eadf2771952f39d43615bb3e
  depends:
  - colorama >=0.4
  - pygments >=2.7.2
  - python >=3.10
  - iniconfig >=1.0.1
  - packaging >=22
  - pluggy >=1.5,<2
  - tomli >=1
  - exceptiongroup >=1
  - python
  constrains:
  - pytest-faulthandler >=2
  license: MIT
  license_family: MIT
  size: 299984
  timestamp: 1775644472530
- conda: https://conda.anaconda.org/conda-forge/linux-64/python-3.14.4-habeac84_100_cp314.conda
  build_number: 100
  sha256: dec247c5badc811baa34d6085df9d0465535883cf745e22e8d79092ad54a3a7b
  md5: a443f87920815d41bfe611296e507995
  depends:
  - __glibc >=2.17,<3.0.a0
  - bzip2 >=1.0.8,<2.0a0
  - ld_impl_linux-64 >=2.36.1
  - libexpat >=2.7.5,<3.0a0
  - libffi >=3.5.2,<3.6.0a0
  - libgcc >=14
  - liblzma >=5.8.2,<6.0a0
  - libmpdec >=4.0.0,<5.0a0
  - libsqlite >=3.52.0,<4.0a0
  - libuuid >=2.42,<3.0a0
  - libzlib >=1.3.2,<2.0a0
  - ncurses >=6.5,<7.0a0
  - openssl >=3.5.6,<4.0a0
  - python_abi 3.14.* *_cp314
  - readline >=8.3,<9.0a0
  - tk >=8.6.13,<8.7.0a0
  - tzdata
  - zstd >=1.5.7,<1.6.0a0
  license: Python-2.0
  size: 36705460
  timestamp: 1775614357822
  python_site_packages_path: lib/python3.14/site-packages
- conda: https://conda.anaconda.org/conda-forge/osx-64/python-3.14.4-h7c6738f_100_cp314.conda
  build_number: 100
  sha256: fc99d7a6a3f5eb776c20880c441e3708ff95d35d0a03f3ceb2a89016f59a01fc
  md5: d4e8506d0ac094be21451682eed9ce4d
  depends:
  - __osx >=11.0
  - bzip2 >=1.0.8,<2.0a0
  - libexpat >=2.7.5,<3.0a0
  - libffi >=3.5.2,<3.6.0a0
  - liblzma >=5.8.2,<6.0a0
  - libmpdec >=4.0.0,<5.0a0
  - libsqlite >=3.52.0,<4.0a0
  - libzlib >=1.3.2,<2.0a0
  - ncurses >=6.5,<7.0a0
  - openssl >=3.5.6,<4.0a0
  - python_abi 3.14.* *_cp314
  - readline >=8.3,<9.0a0
  - tk >=8.6.13,<8.7.0a0
  - tzdata
  - zstd >=1.5.7,<1.6.0a0
  license: Python-2.0
  size: 14431104
  timestamp: 1775616356805
  python_site_packages_path: lib/python3.14/site-packages
- conda: https://conda.anaconda.org/conda-forge/osx-arm64/python-3.14.4-h4c637c5_100_cp314.conda
  build_number: 100
  sha256: 27e7d6cbe021f37244b643f06a98e46767255f7c2907108dd3736f042757ddad
  md5: e1bc5a3015a4bbeb304706dba5a32b7f
  depends:
  - __osx >=11.0
  - bzip2 >=1.0.8,<2.0a0
  - libexpat >=2.7.5,<3.0a0
  - libffi >=3.5.2,<3.6.0a0
  - liblzma >=5.8.2,<6.0a0
  - libmpdec >=4.0.0,<5.0a0
  - libsqlite >=3.52.0,<4.0a0
  - libzlib >=1.3.2,<2.0a0
  - ncurses >=6.5,<7.0a0
  - openssl >=3.5.6,<4.0a0
  - python_abi 3.14.* *_cp314
  - readline >=8.3,<9.0a0
  - tk >=8.6.13,<8.7.0a0
  - tzdata
  - zstd >=1.5.7,<1.6.0a0
  license: Python-2.0
  size: 13533346
  timestamp: 1775616188373
  python_site_packages_path: lib/python3.14/site-packages
- conda: https://conda.anaconda.org/conda-forge/noarch/python_abi-3.14-8_cp314.conda
  build_number: 8
  sha256: ad6d2e9ac39751cc0529dd1566a26751a0bf2542adb0c232533d32e176e21db5
  md5: 0539938c55b6b1a59b560e843ad864a4
  constrains:
  - python 3.14.* *_cp314
  license: BSD-3-Clause
  license_family: BSD
  size: 6989
  timestamp: 1752805904792
- conda: https://conda.anaconda.org/conda-forge/linux-64/readline-8.3-h853b02a_0.conda
  sha256: 12ffde5a6f958e285aa22c191ca01bbd3d6e710aa852e00618fa6ddc59149002
  md5: d7d95fc8287ea7bf33e0e7116d2b95ec
  depends:
  - __glibc >=2.17,<3.0.a0
  - libgcc >=14
  - ncurses >=6.5,<7.0a0
  license: GPL-3.0-only
  license_family: GPL
  size: 345073
  timestamp: 1765813471974
- conda: https://conda.anaconda.org/conda-forge/osx-64/readline-8.3-h68b038d_0.conda
  sha256: 4614af680aa0920e82b953fece85a03007e0719c3399f13d7de64176874b80d5
  md5: eefd65452dfe7cce476a519bece46704
  depends:
  - __osx >=10.13
  - ncurses >=6.5,<7.0a0
  license: GPL-3.0-only
  license_family: GPL
  size: 317819
  timestamp: 1765813692798
- conda: https://conda.anaconda.org/conda-forge/osx-arm64/readline-8.3-h46df422_0.conda
  sha256: a77010528efb4b548ac2a4484eaf7e1c3907f2aec86123ed9c5212ae44502477
  md5: f8381319127120ce51e081dce4865cf4
  depends:
  - __osx >=11.0
  - ncurses >=6.5,<7.0a0
  license: GPL-3.0-only
  license_family: GPL
  size: 313930
  timestamp: 1765813902568
- conda: https://conda.anaconda.org/conda-forge/linux-64/rust-1.94.0-h53717f1_0.conda
  sha256: 50bfa8a8f848c1cb0a75e25327c056e5dad46c9076d54471b01b08fa7fd64f94
  md5: f32243e302459c44eb66291ff690abd2
  depends:
  - __glibc >=2.17,<3.0.a0
  - gcc_impl_linux-64
  - libgcc >=14
  - libzlib >=1.3.1,<2.0a0
  - rust-std-x86_64-unknown-linux-gnu 1.94.0 h2c6d0dc_0
  - sysroot_linux-64 >=2.17
  license: MIT
  license_family: MIT
  size: 178422821
  timestamp: 1773066893036
- conda: https://conda.anaconda.org/conda-forge/osx-64/rust-1.94.0-h5655b98_0.conda
  sha256: d6d4c597e30e03e06da6626b601f2e85256ded5a920d4323b07522721fe7b47d
  md5: 59ca71d90e1fa1871f9bf267d11b29a5
  depends:
  - rust-std-x86_64-apple-darwin 1.94.0 h38e4360_0
  license: MIT
  license_family: MIT
  size: 201469684
  timestamp: 1773066100586
- conda: https://conda.anaconda.org/conda-forge/osx-arm64/rust-1.94.0-h4ff7c5d_0.conda
  sha256: 811c519f01d0d26587cdc99ba2c77ea8affd1cef0990e61c0a4ed663451d01b3
  md5: fb0fc448d379337e26f2633bd15bfcd8
  depends:
  - rust-std-aarch64-apple-darwin 1.94.0 hf6ec828_0
  license: MIT
  license_family: MIT
  size: 183759788
  timestamp: 1773066599252
- conda: https://conda.anaconda.org/conda-forge/noarch/rust-std-aarch64-apple-darwin-1.94.0-hf6ec828_0.conda
  sha256: ad761500228974aad3d422902a87c8c2d938fb3f76dd356f7629fd16f5f214a4
  md5: 4aa5527d3163e6644197772dc56261c9
  depends:
  - __unix
  constrains:
  - rust >=1.94.0,<1.94.1.0a0
  license: MIT
  license_family: MIT
  size: 32683899
  timestamp: 1773066361926
- conda: https://conda.anaconda.org/conda-forge/noarch/rust-std-x86_64-apple-darwin-1.94.0-h38e4360_0.conda
  sha256: 4beba0d8f99cb8b62102cf9c09bbcdd8a8ab1be55c0bd00b4ebfbe0c76bf8b18
  md5: 214a61b18f51d3f97828a6b8388b2989
  depends:
  - __unix
  constrains:
  - rust >=1.94.0,<1.94.1.0a0
  license: MIT
  license_family: MIT
  size: 34391186
  timestamp: 1773065969624
- conda: https://conda.anaconda.org/conda-forge/noarch/rust-std-x86_64-unknown-linux-gnu-1.94.0-h2c6d0dc_0.conda
  sha256: 3980a10eee5f24ce7770c5d1665f93f363345c630bb6189176f3ab7bd9e8724d
  md5: df0c8674169061103f9cc0e112591eab
  depends:
  - __unix
  constrains:
  - rust >=1.94.0,<1.94.1.0a0
  license: MIT
  license_family: MIT
  size: 36890656
  timestamp: 1773066787379
- conda: https://conda.anaconda.org/conda-forge/noarch/sysroot_linux-64-2.28-h4ee821c_9.conda
  sha256: c47299fe37aebb0fcf674b3be588e67e4afb86225be4b0d452c7eb75c086b851
  md5: 13dc3adbc692664cd3beabd216434749
  depends:
  - __glibc >=2.28
  - kernel-headers_linux-64 4.18.0 he073ed8_9
  - tzdata
  license: LGPL-2.0-or-later AND LGPL-2.0-or-later WITH exceptions AND GPL-2.0-or-later
  license_family: GPL
  size: 24008591
  timestamp: 1765578833462
- conda: https://conda.anaconda.org/conda-forge/linux-64/tk-8.6.13-noxft_h366c992_103.conda
  sha256: cafeec44494f842ffeca27e9c8b0c27ed714f93ac77ddadc6aaf726b5554ebac
  md5: cffd3bdd58090148f4cfcd831f4b26ab
  depends:
  - __glibc >=2.17,<3.0.a0
  - libgcc >=14
  - libzlib >=1.3.1,<2.0a0
  constrains:
  - xorg-libx11 >=1.8.12,<2.0a0
  license: TCL
  license_family: BSD
  size: 3301196
  timestamp: 1769460227866
- conda: https://conda.anaconda.org/conda-forge/osx-64/tk-8.6.13-h7142dee_3.conda
  sha256: 7f0d9c320288532873e2d8486c331ec6d87919c9028208d3f6ac91dc8f99a67b
  md5: 6e6efb7463f8cef69dbcb4c2205bf60e
  depends:
  - __osx >=10.13
  - libzlib >=1.3.1,<2.0a0
  license: TCL
  license_family: BSD
  size: 3282953
  timestamp: 1769460532442
- conda: https://conda.anaconda.org/conda-forge/osx-arm64/tk-8.6.13-h010d191_3.conda
  sha256: 799cab4b6cde62f91f750149995d149bc9db525ec12595e8a1d91b9317f038b3
  md5: a9d86bc62f39b94c4661716624eb21b0
  depends:
  - __osx >=11.0
  - libzlib >=1.3.1,<2.0a0
  license: TCL
  license_family: BSD
  size: 3127137
  timestamp: 1769460817696
- conda: https://conda.anaconda.org/conda-forge/noarch/tomli-2.4.1-pyhcf101f3_0.conda
  sha256: 91cafdb64268e43e0e10d30bd1bef5af392e69f00edd34dfaf909f69ab2da6bd
  md5: b5325cf06a000c5b14970462ff5e4d58
  depends:
  - python >=3.10
  - python
  license: MIT
  license_family: MIT
  size: 21561
  timestamp: 1774492402955
- conda: https://conda.anaconda.org/conda-forge/noarch/typing_extensions-4.15.0-pyhcf101f3_0.conda
  sha256: 032271135bca55aeb156cee361c81350c6f3fb203f57d024d7e5a1fc9ef18731
  md5: 0caa1af407ecff61170c9437a808404d
  depends:
  - python >=3.10
  - python
  license: PSF-2.0
  license_family: PSF
  size: 51692
  timestamp: 1756220668932
- conda: https://conda.anaconda.org/conda-forge/noarch/tzdata-2025c-hc9c84f9_1.conda
  sha256: 1d30098909076af33a35017eed6f2953af1c769e273a0626a04722ac4acaba3c
  md5: ad659d0a2b3e47e38d829aa8cad2d610
  license: LicenseRef-Public-Domain
  size: 119135
  timestamp: 1767016325805
- conda: https://conda.anaconda.org/conda-forge/linux-64/zstd-1.5.7-hb78ec9c_6.conda
  sha256: 68f0206ca6e98fea941e5717cec780ed2873ffabc0e1ed34428c061e2c6268c7
  md5: 4a13eeac0b5c8e5b8ab496e6c4ddd829
  depends:
  - __glibc >=2.17,<3.0.a0
  - libzlib >=1.3.1,<2.0a0
  license: BSD-3-Clause
  license_family: BSD
  size: 601375
  timestamp: 1764777111296
- conda: https://conda.anaconda.org/conda-forge/osx-64/zstd-1.5.7-h3eecb57_6.conda
  sha256: 47101a4055a70a4876ffc87b750ab2287b67eca793f21c8224be5e1ee6394d3f
  md5: 727109b184d680772e3122f40136d5ca
  depends:
  - __osx >=10.13
  - libzlib >=1.3.1,<2.0a0
  license: BSD-3-Clause
  license_family: BSD
  size: 528148
  timestamp: 1764777156963
- conda: https://conda.anaconda.org/conda-forge/osx-arm64/zstd-1.5.7-hbf9d68e_6.conda
  sha256: 9485ba49e8f47d2b597dd399e88f4802e100851b27c21d7525625b0b4025a5d9
  md5: ab136e4c34e97f34fb621d2592a393d8
  depends:
  - __osx >=11.0
  - libzlib >=1.3.1,<2.0a0
  license: BSD-3-Clause
  license_family: BSD
  size: 433413
  timestamp: 1764777166076
